
Microsoft Visual Studio Solution File, Format Version 12.00
# Visual Studio Version 17
VisualStudioVersion = 17.14.36518.9 d17.14
MinimumVisualStudioVersion = 10.0.40219.1
Project("{FAE04EC0-301F-11D3-BF4B-00C04F79EFBC}") = "Logs.Api", "Logs.Api\Logs.Api.csproj", "{37576B85-15D2-4C87-ADFE-5A80E13B17B0}"
EndProject
Global
	GlobalSection(SolutionConfigurationPlatforms) = preSolution
		Debug|Any CPU = Debug|Any CPU
		Release|Any CPU = Release|Any CPU
	EndGlobalSection
	GlobalSection(ProjectConfigurationPlatforms) = postSolution
		{37576B85-15D2-4C87-ADFE-5A80E13B17B0}.Debug|Any CPU.ActiveCfg = Debug|Any CPU
		{37576B85-15D2-4C87-ADFE-5A80E13B17B0}.Debug|Any CPU.Build.0 = Debug|Any CPU
		{37576B85-15D2-4C87-ADFE-5A80E13B17B0}.Release|Any CPU.ActiveCfg = Release|Any CPU
		{37576B85-15D2-4C87-ADFE-5A80E13B17B0}.Release|Any CPU.Build.0 = Release|Any CPU
	EndGlobalSection
	GlobalSection(SolutionProperties) = preSolution
		HideSolutionNode = FALSE
	EndGlobalSection
	GlobalSection(ExtensibilityGlobals) = postSolution
		SolutionGuid = {EF895983-452C-463D-AD51-12ACE354E06A}
	EndGlobalSection
EndGlobal
